
Microsoft Visual Studio Solution File, Format Version 12.00
# Visual Studio Version 16
VisualStudioVersion = 16.0.32228.343
MinimumVisualStudioVersion = 10.0.40219.1
Project("{FAE04EC0-301F-11D3-BF4B-00C04F79EFBC}") = "SalesTaxApp", "SalesTaxApp\SalesTaxApp.csproj", "{5ADE3B05-BA62-4FFC-AEF4-F49254B45D00}"
EndProject
Project("{FAE04EC0-301F-11D3-BF4B-00C04F79EFBC}") = "Domains", "Domains\Domains.csproj", "{3CB43EA6-CF88-4275-AB25-201F592D68F4}"
EndProject
Project("{FAE04EC0-301F-11D3-BF4B-00C04F79EFBC}") = "BusinessLogic", "BusinessLogic\BusinessLogic.csproj", "{9DA3BB2A-88A1-4470-96C8-02C8C1E091D2}"
EndProject
Global
	GlobalSection(SolutionConfigurationPlatforms) = preSolution
		Debug|Any CPU = Debug|Any CPU
		Release|Any CPU = Release|Any CPU
	EndGlobalSection
	GlobalSection(ProjectConfigurationPlatforms) = postSolution
		{5ADE3B05-BA62-4FFC-AEF4-F49254B45D00}.Debug|Any CPU.ActiveCfg = Debug|Any CPU
		{5ADE3B05-BA62-4FFC-AEF4-F49254B45D00}.Debug|Any CPU.Build.0 = Debug|Any CPU
		{5ADE3B05-BA62-4FFC-AEF4-F49254B45D00}.Release|Any CPU.ActiveCfg = Release|Any CPU
		{5ADE3B05-BA62-4FFC-AEF4-F49254B45D00}.Release|Any CPU.Build.0 = Release|Any CPU
		{3CB43EA6-CF88-4275-AB25-201F592D68F4}.Debug|Any CPU.ActiveCfg = Debug|Any CPU
		{3CB43EA6-CF88-4275-AB25-201F592D68F4}.Debug|Any CPU.Build.0 = Debug|Any CPU
		{3CB43EA6-CF88-4275-AB25-201F592D68F4}.Release|Any CPU.ActiveCfg = Release|Any CPU
		{3CB43EA6-CF88-4275-AB25-201F592D68F4}.Release|Any CPU.Build.0 = Release|Any CPU
		{9DA3BB2A-88A1-4470-96C8-02C8C1E091D2}.Debug|Any CPU.ActiveCfg = Debug|Any CPU
		{9DA3BB2A-88A1-4470-96C8-02C8C1E091D2}.Debug|Any CPU.Build.0 = Debug|Any CPU
		{9DA3BB2A-88A1-4470-96C8-02C8C1E091D2}.Release|Any CPU.ActiveCfg = Release|Any CPU
		{9DA3BB2A-88A1-4470-96C8-02C8C1E091D2}.Release|Any CPU.Build.0 = Release|Any CPU
	EndGlobalSection
	GlobalSection(SolutionProperties) = preSolution
		HideSolutionNode = FALSE
	EndGlobalSection
	GlobalSection(ExtensibilityGlobals) = postSolution
		SolutionGuid = {3818E127-84C5-4165-9E20-351E0B8B9CBC}
	EndGlobalSection
EndGlobal
